
Microsoft Visual Studio Solution File, Format Version 12.00
# Visual Studio Version 16
VisualStudioVersion = 16.0.31410.357
MinimumVisualStudioVersion = 10.0.40219.1
Project("{9A19103F-16F7-4668-BE54-9A1E7A4F7556}") = "Tracking", "Tracking\Tracking.csproj", "{1025E295-67D2-4666-A9BF-743935C11247}"
EndProject
Global
	GlobalSection(SolutionConfigurationPlatforms) = preSolution
		Debug|Any CPU = Debug|Any CPU
		DEV|Any CPU = DEV|Any CPU
		DEV2|Any CPU = DEV2|Any CPU
		QA|Any CPU = QA|Any CPU
		Release|Any CPU = Release|Any CPU
		SBX|Any CPU = SBX|Any CPU
		SR|Any CPU = SR|Any CPU
	EndGlobalSection
	GlobalSection(ProjectConfigurationPlatforms) = postSolution
		{1025E295-67D2-4666-A9BF-743935C11247}.Debug|Any CPU.ActiveCfg = Debug|Any CPU
		{1025E295-67D2-4666-A9BF-743935C11247}.Debug|Any CPU.Build.0 = Debug|Any CPU
		{1025E295-67D2-4666-A9BF-743935C11247}.DEV|Any CPU.ActiveCfg = DEV|Any CPU
		{1025E295-67D2-4666-A9BF-743935C11247}.DEV|Any CPU.Build.0 = DEV|Any CPU
		{1025E295-67D2-4666-A9BF-743935C11247}.DEV2|Any CPU.ActiveCfg = DEV2|Any CPU
		{1025E295-67D2-4666-A9BF-743935C11247}.DEV2|Any CPU.Build.0 = DEV2|Any CPU
		{1025E295-67D2-4666-A9BF-743935C11247}.QA|Any CPU.ActiveCfg = QA|Any CPU
		{1025E295-67D2-4666-A9BF-743935C11247}.QA|Any CPU.Build.0 = QA|Any CPU
		{1025E295-67D2-4666-A9BF-743935C11247}.Release|Any CPU.ActiveCfg = Release|Any CPU
		{1025E295-67D2-4666-A9BF-743935C11247}.Release|Any CPU.Build.0 = Release|Any CPU
		{1025E295-67D2-4666-A9BF-743935C11247}.SBX|Any CPU.ActiveCfg = SBX|Any CPU
		{1025E295-67D2-4666-A9BF-743935C11247}.SBX|Any CPU.Build.0 = SBX|Any CPU
		{1025E295-67D2-4666-A9BF-743935C11247}.SR|Any CPU.ActiveCfg = SR|Any CPU
		{1025E295-67D2-4666-A9BF-743935C11247}.SR|Any CPU.Build.0 = SR|Any CPU
	EndGlobalSection
	GlobalSection(SolutionProperties) = preSolution
		HideSolutionNode = FALSE
	EndGlobalSection
	GlobalSection(ExtensibilityGlobals) = postSolution
		SolutionGuid = {52263CD5-D6D0-4042-B3B5-5A469EF66561}
	EndGlobalSection
	GlobalSection(TeamFoundationVersionControl) = preSolution
		SccNumberOfProjects = 2
		SccEnterpriseProvider = {4CA58AB2-18FA-4F8D-95D4-32DDF27D184C}
		SccTeamFoundationServer = http://tfs.myus.com:8080/tfs/myus
		SccLocalPath0 = .
		SccProjectUniqueName1 = Tracking\\Tracking.csproj
		SccProjectName1 = Tracking
		SccLocalPath1 = Tracking
	EndGlobalSection
EndGlobal
